
Microsoft Visual Studio Solution File, Format Version 12.00
Project("{2150E333-8FDC-42A3-9474-1A3956D46DE8}") = "src", "src", "{4D63CDD9-FCC3-4CF6-AA8B-7C8CA0FACC64}"
EndProject
Project("{FAE04EC0-301F-11D3-BF4B-00C04F79EFBC}") = "Up.NET", "Up.NET\Up.NET.csproj", "{AABE57C0-9F61-41E9-B516-A1A019C63255}"
EndProject
Project("{2150E333-8FDC-42A3-9474-1A3956D46DE8}") = "Solution Items", "Solution Items", "{E36155FB-7F99-4177-8B02-5FAF995F1C7B}"
ProjectSection(SolutionItems) = preProject
	.gitignore = .gitignore
	README.md = README.md
	LICENSE = LICENSE
EndProjectSection
EndProject
Project("{FAE04EC0-301F-11D3-BF4B-00C04F79EFBC}") = "Up.NET.Sandbox", "Up.NET.Sandbox\Up.NET.Sandbox.csproj", "{B1D8C5B3-BB76-41C5-B5F7-84F39049D565}"
EndProject
Global
	GlobalSection(SolutionConfigurationPlatforms) = preSolution
		Debug|Any CPU = Debug|Any CPU
		Release|Any CPU = Release|Any CPU
	EndGlobalSection
	GlobalSection(NestedProjects) = preSolution
		{AABE57C0-9F61-41E9-B516-A1A019C63255} = {4D63CDD9-FCC3-4CF6-AA8B-7C8CA0FACC64}
		{B1D8C5B3-BB76-41C5-B5F7-84F39049D565} = {4D63CDD9-FCC3-4CF6-AA8B-7C8CA0FACC64}
	EndGlobalSection
	GlobalSection(ProjectConfigurationPlatforms) = postSolution
		{AABE57C0-9F61-41E9-B516-A1A019C63255}.Debug|Any CPU.ActiveCfg = Debug|Any CPU
		{AABE57C0-9F61-41E9-B516-A1A019C63255}.Debug|Any CPU.Build.0 = Debug|Any CPU
		{AABE57C0-9F61-41E9-B516-A1A019C63255}.Release|Any CPU.ActiveCfg = Release|Any CPU
		{AABE57C0-9F61-41E9-B516-A1A019C63255}.Release|Any CPU.Build.0 = Release|Any CPU
		{B1D8C5B3-BB76-41C5-B5F7-84F39049D565}.Debug|Any CPU.ActiveCfg = Debug|Any CPU
		{B1D8C5B3-BB76-41C5-B5F7-84F39049D565}.Debug|Any CPU.Build.0 = Debug|Any CPU
		{B1D8C5B3-BB76-41C5-B5F7-84F39049D565}.Release|Any CPU.ActiveCfg = Release|Any CPU
		{B1D8C5B3-BB76-41C5-B5F7-84F39049D565}.Release|Any CPU.Build.0 = Release|Any CPU
	EndGlobalSection
EndGlobal
